
Microsoft Visual Studio Solution File, Format Version 12.00
# Visual Studio Version 16
VisualStudioVersion = 16.0.30717.126
MinimumVisualStudioVersion = 10.0.40219.1
Project("{FAE04EC0-301F-11D3-BF4B-00C04F79EFBC}") = "WebApplication8", "WebApplication8.csproj", "{C4981080-F3B3-480A-940E-5943424049FE}"
EndProject
Global
	GlobalSection(SolutionConfigurationPlatforms) = preSolution
		Debug|Any CPU = Debug|Any CPU
		Release|Any CPU = Release|Any CPU
	EndGlobalSection
	GlobalSection(ProjectConfigurationPlatforms) = postSolution
		{C4981080-F3B3-480A-940E-5943424049FE}.Debug|Any CPU.ActiveCfg = Debug|Any CPU
		{C4981080-F3B3-480A-940E-5943424049FE}.Debug|Any CPU.Build.0 = Debug|Any CPU
		{C4981080-F3B3-480A-940E-5943424049FE}.Release|Any CPU.ActiveCfg = Release|Any CPU
		{C4981080-F3B3-480A-940E-5943424049FE}.Release|Any CPU.Build.0 = Release|Any CPU
	EndGlobalSection
	GlobalSection(SolutionProperties) = preSolution
		HideSolutionNode = FALSE
	EndGlobalSection
	GlobalSection(ExtensibilityGlobals) = postSolution
		SolutionGuid = {B057FAE7-F43B-472D-AAEE-6A2F16AF92FC}
	EndGlobalSection
EndGlobal
